// !$*UTF8*$!
{
	archiveVersion = 1;
	classes = {
	};
	objectVersion = 46;
	objects = {

/* Begin PBXBuildFile section */
		8C6D5FA214116E9D003A7486 /* UIKit.framework in Frameworks */ = {isa = PBXBuildFile; fileRef = 8C6D5FA114116E9D003A7486 /* UIKit.framework */; };
		8C6D5FA414116E9D003A7486 /* Foundation.framework in Frameworks */ = {isa = PBXBuildFile; fileRef = 8C6D5FA314116E9D003A7486 /* Foundation.framework */; };
		8C6D5FA614116E9D003A7486 /* CoreGraphics.framework in Frameworks */ = {isa = PBXBuildFile; fileRef = 8C6D5FA514116E9D003A7486 /* CoreGraphics.framework */; };
		8C6D5FA814116E9D003A7486 /* QuartzCore.framework in Frameworks */ = {isa = PBXBuildFile; fileRef = 8C6D5FA714116E9D003A7486 /* QuartzCore.framework */; };
		8C6D5FAA14116E9D003A7486 /* OpenGLES.framework in Frameworks */ = {isa = PBXBuildFile; fileRef = 8C6D5FA914116E9D003A7486 /* OpenGLES.framework */; };
		8C6D5FB014116E9D003A7486 /* InfoPlist.strings in Resources */ = {isa = PBXBuildFile; fileRef = 8C6D5FAE14116E9D003A7486 /* InfoPlist.strings */; };
		8C6D5FB314116E9D003A7486 /* main.m in Sources */ = {isa = PBXBuildFile; fileRef = 8C6D5FB214116E9D003A7486 /* main.m */; };
		8C6D5FB614116E9D003A7486 /* TinyDeskTowerDefenseAppDelegate.m in Sources */ = {isa = PBXBuildFile; fileRef = 8C6D5FB514116E9D003A7486 /* TinyDeskTowerDefenseAppDelegate.m */; };
		8C6D5FB914116E9D003A7486 /* MainWindow.xib in Resources */ = {isa = PBXBuildFile; fileRef = 8C6D5FB714116E9D003A7486 /* MainWindow.xib */; };
		8C6D5FBB14116E9D003A7486 /* Shader.fsh in Resources */ = {isa = PBXBuildFile; fileRef = 8C6D5FBA14116E9D003A7486 /* Shader.fsh */; };
		8C6D5FBD14116E9D003A7486 /* Shader.vsh in Resources */ = {isa = PBXBuildFile; fileRef = 8C6D5FBC14116E9D003A7486 /* Shader.vsh */; };
		8C6D5FC014116E9D003A7486 /* EAGLView.m in Sources */ = {isa = PBXBuildFile; fileRef = 8C6D5FBF14116E9D003A7486 /* EAGLView.m */; };
		8C6D5FC314116E9D003A7486 /* TinyDeskTowerDefenseViewController.m in Sources */ = {isa = PBXBuildFile; fileRef = 8C6D5FC214116E9D003A7486 /* TinyDeskTowerDefenseViewController.m */; };
		8C6D5FC614116E9D003A7486 /* TinyDeskTowerDefenseViewController.xib in Resources */ = {isa = PBXBuildFile; fileRef = 8C6D5FC414116E9D003A7486 /* TinyDeskTowerDefenseViewController.xib */; };
/* End PBXBuildFile section */

/* Begin PBXFileReference section */
		8C6D5F9D14116E9D003A7486 /* TinyDeskTowerDefense.app */ = {isa = PBXFileReference; explicitFileType = wrapper.application; includeInIndex = 0; path = TinyDeskTowerDefense.app; sourceTree = BUILT_PRODUCTS_DIR; };
		8C6D5FA114116E9D003A7486 /* UIKit.framework */ = {isa = PBXFileReference; lastKnownFileType = wrapper.framework; name = UIKit.framework; path = System/Library/Frameworks/UIKit.framework; sourceTree = SDKROOT; };
		8C6D5FA314116E9D003A7486 /* Foundation.framework */ = {isa = PBXFileReference; lastKnownFileType = wrapper.framework; name = Foundation.framework; path = System/Library/Frameworks/Foundation.framework; sourceTree = SDKROOT; };
		8C6D5FA514116E9D003A7486 /* CoreGraphics.framework */ = {isa = PBXFileReference; lastKnownFileType = wrapper.framework; name = CoreGraphics.framework; path = System/Library/Frameworks/CoreGraphics.framework; sourceTree = SDKROOT; };
		8C6D5FA714116E9D003A7486 /* QuartzCore.framework */ = {isa = PBXFileReference; lastKnownFileType = wrapper.framework; name = QuartzCore.framework; path = System/Library/Frameworks/QuartzCore.framework; sourceTree = SDKROOT; };
		8C6D5FA914116E9D003A7486 /* OpenGLES.framework */ = {isa = PBXFileReference; lastKnownFileType = wrapper.framework; name = OpenGLES.framework; path = System/Library/Frameworks/OpenGLES.framework; sourceTree = SDKROOT; };
		8C6D5FAD14116E9D003A7486 /* TinyDeskTowerDefense-Info.plist */ = {isa = PBXFileReference; lastKnownFileType = text.plist.xml; path = "TinyDeskTowerDefense-Info.plist"; sourceTree = "<group>"; };
		8C6D5FAF14116E9D003A7486 /* en */ = {isa = PBXFileReference; lastKnownFileType = text.plist.strings; name = en; path = en.lproj/InfoPlist.strings; sourceTree = "<group>"; };
		8C6D5FB114116E9D003A7486 /* TinyDeskTowerDefense-Prefix.pch */ = {isa = PBXFileReference; lastKnownFileType = sourcecode.c.h; path = "TinyDeskTowerDefense-Prefix.pch"; sourceTree = "<group>"; };
		8C6D5FB214116E9D003A7486 /* main.m */ = {isa = PBXFileReference; lastKnownFileType = sourcecode.c.objc; path = main.m; sourceTree = "<group>"; };
		8C6D5FB414116E9D003A7486 /* TinyDeskTowerDefenseAppDelegate.h */ = {isa = PBXFileReference; lastKnownFileType = sourcecode.c.h; path = TinyDeskTowerDefenseAppDelegate.h; sourceTree = "<group>"; };
		8C6D5FB514116E9D003A7486 /* TinyDeskTowerDefenseAppDelegate.m */ = {isa = PBXFileReference; lastKnownFileType = sourcecode.c.objc; path = TinyDeskTowerDefenseAppDelegate.m; sourceTree = "<group>"; };
		8C6D5FB814116E9D003A7486 /* en */ = {isa = PBXFileReference; lastKnownFileType = file.xib; name = en; path = en.lproj/MainWindow.xib; sourceTree = "<group>"; };
		8C6D5FBA14116E9D003A7486 /* Shader.fsh */ = {isa = PBXFileReference; lastKnownFileType = sourcecode.glsl; name = Shader.fsh; path = Shaders/Shader.fsh; sourceTree = "<group>"; };
		8C6D5FBC14116E9D003A7486 /* Shader.vsh */ = {isa = PBXFileReference; lastKnownFileType = sourcecode.glsl; name = Shader.vsh; path = Shaders/Shader.vsh; sourceTree = "<group>"; };
		8C6D5FBE14116E9D003A7486 /* EAGLView.h */ = {isa = PBXFileReference; lastKnownFileType = sourcecode.c.h; path = EAGLView.h; sourceTree = "<group>"; };
		8C6D5FBF14116E9D003A7486 /* EAGLView.m */ = {isa = PBXFileReference; lastKnownFileType = sourcecode.c.objc; path = EAGLView.m; sourceTree = "<group>"; };
		8C6D5FC114116E9D003A7486 /* TinyDeskTowerDefenseViewController.h */ = {isa = PBXFileReference; lastKnownFileType = sourcecode.c.h; path = TinyDeskTowerDefenseViewController.h; sourceTree = "<group>"; };
		8C6D5FC214116E9D003A7486 /* TinyDeskTowerDefenseViewController.m */ = {isa = PBXFileReference; lastKnownFileType = sourcecode.c.objc; path = TinyDeskTowerDefenseViewController.m; sourceTree = "<group>"; };
		8C6D5FC514116E9D003A7486 /* en */ = {isa = PBXFileReference; lastKnownFileType = file.xib; name = en; path = en.lproj/TinyDeskTowerDefenseViewController.xib; sourceTree = "<group>"; };
/* End PBXFileReference section */

/* Begin PBXFrameworksBuildPhase section */
		8C6D5F9A14116E9D003A7486 /* Frameworks */ = {
			isa = PBXFrameworksBuildPhase;
			buildActionMask = 2147483647;
			files = (
				8C6D5FA214116E9D003A7486 /* UIKit.framework in Frameworks */,
				8C6D5FA414116E9D003A7486 /* Foundation.framework in Frameworks */,
				8C6D5FA614116E9D003A7486 /* CoreGraphics.framework in Frameworks */,
				8C6D5FA814116E9D003A7486 /* QuartzCore.framework in Frameworks */,
				8C6D5FAA14116E9D003A7486 /* OpenGLES.framework in Frameworks */,
			);
			runOnlyForDeploymentPostprocessing = 0;
		};
/* End PBXFrameworksBuildPhase section */

/* Begin PBXGroup section */
		8C6D5F9214116E9D003A7486 = {
			isa = PBXGroup;
			children = (
				8C6D5FAB14116E9D003A7486 /* TinyDeskTowerDefense */,
				8C6D5FA014116E9D003A7486 /* Frameworks */,
				8C6D5F9E14116E9D003A7486 /* Products */,
			);
			sourceTree = "<group>";
		};
		8C6D5F9E14116E9D003A7486 /* Products */ = {
			isa = PBXGroup;
			children = (
				8C6D5F9D14116E9D003A7486 /* TinyDeskTowerDefense.app */,
			);
			name = Products;
			sourceTree = "<group>";
		};
		8C6D5FA014116E9D003A7486 /* Frameworks */ = {
			isa = PBXGroup;
			children = (
				8C6D5FA114116E9D003A7486 /* UIKit.framework */,
				8C6D5FA314116E9D003A7486 /* Foundation.framework */,
				8C6D5FA514116E9D003A7486 /* CoreGraphics.framework */,
				8C6D5FA714116E9D003A7486 /* QuartzCore.framework */,
				8C6D5FA914116E9D003A7486 /* OpenGLES.framework */,
			);
			name = Frameworks;
			sourceTree = "<group>";
		};
		8C6D5FAB14116E9D003A7486 /* TinyDeskTowerDefense */ = {
			isa = PBXGroup;
			children = (
				8C6D5FB414116E9D003A7486 /* TinyDeskTowerDefenseAppDelegate.h */,
				8C6D5FB514116E9D003A7486 /* TinyDeskTowerDefenseAppDelegate.m */,
				8C6D5FB714116E9D003A7486 /* MainWindow.xib */,
				8C6D5FBA14116E9D003A7486 /* Shader.fsh */,
				8C6D5FBC14116E9D003A7486 /* Shader.vsh */,
				8C6D5FBE14116E9D003A7486 /* EAGLView.h */,
				8C6D5FBF14116E9D003A7486 /* EAGLView.m */,
				8C6D5FC114116E9D003A7486 /* TinyDeskTowerDefenseViewController.h */,
				8C6D5FC214116E9D003A7486 /* TinyDeskTowerDefenseViewController.m */,
				8C6D5FC414116E9D003A7486 /* TinyDeskTowerDefenseViewController.xib */,
				8C6D5FAC14116E9D003A7486 /* Supporting Files */,
			);
			path = TinyDeskTowerDefense;
			sourceTree = "<group>";
		};
		8C6D5FAC14116E9D003A7486 /* Supporting Files */ = {
			isa = PBXGroup;
			children = (
				8C6D5FAD14116E9D003A7486 /* TinyDeskTowerDefense-Info.plist */,
				8C6D5FAE14116E9D003A7486 /* InfoPlist.strings */,
				8C6D5FB114116E9D003A7486 /* TinyDeskTowerDefense-Prefix.pch */,
				8C6D5FB214116E9D003A7486 /* main.m */,
			);
			name = "Supporting Files";
			sourceTree = "<group>";
		};
/* End PBXGroup section */

/* Begin PBXNativeTarget section */
		8C6D5F9C14116E9D003A7486 /* TinyDeskTowerDefense */ = {
			isa = PBXNativeTarget;
			buildConfigurationList = 8C6D5FC914116E9D003A7486 /* Build configuration list for PBXNativeTarget "TinyDeskTowerDefense" */;
			buildPhases = (
				8C6D5F9914116E9D003A7486 /* Sources */,
				8C6D5F9A14116E9D003A7486 /* Frameworks */,
				8C6D5F9B14116E9D003A7486 /* Resources */,
			);
			buildRules = (
			);
			dependencies = (
			);
			name = TinyDeskTowerDefense;
			productName = TinyDeskTowerDefense;
			productReference = 8C6D5F9D14116E9D003A7486 /* TinyDeskTowerDefense.app */;
			productType = "com.apple.product-type.application";
		};
/* End PBXNativeTarget section */

/* Begin PBXProject section */
		8C6D5F9414116E9D003A7486 /* Project object */ = {
			isa = PBXProject;
			buildConfigurationList = 8C6D5F9714116E9D003A7486 /* Build configuration list for PBXProject "TinyDeskTowerDefense" */;
			compatibilityVersion = "Xcode 3.2";
			developmentRegion = English;
			hasScannedForEncodings = 0;
			knownRegions = (
				en,
			);
			mainGroup = 8C6D5F9214116E9D003A7486;
			productRefGroup = 8C6D5F9E14116E9D003A7486 /* Products */;
			projectDirPath = "";
			projectRoot = "";
			targets = (
				8C6D5F9C14116E9D003A7486 /* TinyDeskTowerDefense */,
			);
		};
/* End PBXProject section */

/* Begin PBXResourcesBuildPhase section */
		8C6D5F9B14116E9D003A7486 /* Resources */ = {
			isa = PBXResourcesBuildPhase;
			buildActionMask = 2147483647;
			files = (
				8C6D5FB014116E9D003A7486 /* InfoPlist.strings in Resources */,
				8C6D5FB914116E9D003A7486 /* MainWindow.xib in Resources */,
				8C6D5FBB14116E9D003A7486 /* Shader.fsh in Resources */,
				8C6D5FBD14116E9D003A7486 /* Shader.vsh in Resources */,
				8C6D5FC614116E9D003A7486 /* TinyDeskTowerDefenseViewController.xib in Resources */,
			);
			runOnlyForDeploymentPostprocessing = 0;
		};
/* End PBXResourcesBuildPhase section */

/* Begin PBXSourcesBuildPhase section */
		8C6D5F9914116E9D003A7486 /* Sources */ = {
			isa = PBXSourcesBuildPhase;
			buildActionMask = 2147483647;
			files = (
				8C6D5FB314116E9D003A7486 /* main.m in Sources */,
				8C6D5FB614116E9D003A7486 /* TinyDeskTowerDefenseAppDelegate.m in Sources */,
				8C6D5FC014116E9D003A7486 /* EAGLView.m in Sources */,
				8C6D5FC314116E9D003A7486 /* TinyDeskTowerDefenseViewController.m in Sources */,
			);
			runOnlyForDeploymentPostprocessing = 0;
		};
/* End PBXSourcesBuildPhase section */

/* Begin PBXVariantGroup section */
		8C6D5FAE14116E9D003A7486 /* InfoPlist.strings */ = {
			isa = PBXVariantGroup;
			children = (
				8C6D5FAF14116E9D003A7486 /* en */,
			);
			name = InfoPlist.strings;
			sourceTree = "<group>";
		};
		8C6D5FB714116E9D003A7486 /* MainWindow.xib */ = {
			isa = PBXVariantGroup;
			children = (
				8C6D5FB814116E9D003A7486 /* en */,
			);
			name = MainWindow.xib;
			sourceTree = "<group>";
		};
		8C6D5FC414116E9D003A7486 /* TinyDeskTowerDefenseViewController.xib */ = {
			isa = PBXVariantGroup;
			children = (
				8C6D5FC514116E9D003A7486 /* en */,
			);
			name = TinyDeskTowerDefenseViewController.xib;
			sourceTree = "<group>";
		};
/* End PBXVariantGroup section */

/* Begin XCBuildConfiguration section */
		8C6D5FC714116E9D003A7486 /* Debug */ = {
			isa = XCBuildConfiguration;
			buildSettings = {
				ARCHS = "$(ARCHS_STANDARD_32_BIT)";
				"CODE_SIGN_IDENTITY[sdk=iphoneos*]" = "iPhone Developer";
				GCC_C_LANGUAGE_STANDARD = gnu99;
				GCC_OPTIMIZATION_LEVEL = 0;
				GCC_PREPROCESSOR_DEFINITIONS = DEBUG;
				GCC_SYMBOLS_PRIVATE_EXTERN = NO;
				GCC_VERSION = com.apple.compilers.llvmgcc42;
				GCC_WARN_ABOUT_RETURN_TYPE = YES;
				GCC_WARN_UNUSED_VARIABLE = YES;
				IPHONEOS_DEPLOYMENT_TARGET = 4.3;
				SDKROOT = iphoneos;
			};
			name = Debug;
		};
		8C6D5FC814116E9D003A7486 /* Release */ = {
			isa = XCBuildConfiguration;
			buildSettings = {
				ARCHS = "$(ARCHS_STANDARD_32_BIT)";
				"CODE_SIGN_IDENTITY[sdk=iphoneos*]" = "iPhone Developer";
				GCC_C_LANGUAGE_STANDARD = gnu99;
				GCC_VERSION = com.apple.compilers.llvmgcc42;
				GCC_WARN_ABOUT_RETURN_TYPE = YES;
				GCC_WARN_UNUSED_VARIABLE = YES;
				IPHONEOS_DEPLOYMENT_TARGET = 4.3;
				OTHER_CFLAGS = "-DNS_BLOCK_ASSERTIONS=1";
				SDKROOT = iphoneos;
			};
			name = Release;
		};
		8C6D5FCA14116E9D003A7486 /* Debug */ = {
			isa = XCBuildConfiguration;
			buildSettings = {
				ALWAYS_SEARCH_USER_PATHS = NO;
				COPY_PHASE_STRIP = NO;
				GCC_DYNAMIC_NO_PIC = NO;
				GCC_PRECOMPILE_PREFIX_HEADER = YES;
				GCC_PREFIX_HEADER = "TinyDeskTowerDefense/TinyDeskTowerDefense-Prefix.pch";
				"GCC_THUMB_SUPPORT[arch=armv6]" = "";
				INFOPLIST_FILE = "TinyDeskTowerDefense/TinyDeskTowerDefense-Info.plist";
				PRODUCT_NAME = "$(TARGET_NAME)";
				WRAPPER_EXTENSION = app;
			};
			name = Debug;
		};
		8C6D5FCB14116E9D003A7486 /* Release */ = {
			isa = XCBuildConfiguration;
			buildSettings = {
				ALWAYS_SEARCH_USER_PATHS = NO;
				COPY_PHASE_STRIP = YES;
				GCC_PRECOMPILE_PREFIX_HEADER = YES;
				GCC_PREFIX_HEADER = "TinyDeskTowerDefense/TinyDeskTowerDefense-Prefix.pch";
				"GCC_THUMB_SUPPORT[arch=armv6]" = "";
				INFOPLIST_FILE = "TinyDeskTowerDefense/TinyDeskTowerDefense-Info.plist";
				PRODUCT_NAME = "$(TARGET_NAME)";
				VALIDATE_PRODUCT = YES;
				WRAPPER_EXTENSION = app;
			};
			name = Release;
		};
/* End XCBuildConfiguration section */

/* Begin XCConfigurationList section */
		8C6D5F9714116E9D003A7486 /* Build configuration list for PBXProject "TinyDeskTowerDefense" */ = {
			isa = XCConfigurationList;
			buildConfigurations = (
				8C6D5FC714116E9D003A7486 /* Debug */,
				8C6D5FC814116E9D003A7486 /* Release */,
			);
			defaultConfigurationIsVisible = 0;
			defaultConfigurationName = Release;
		};
		8C6D5FC914116E9D003A7486 /* Build configuration list for PBXNativeTarget "TinyDeskTowerDefense" */ = {
			isa = XCConfigurationList;
			buildConfigurations = (
				8C6D5FCA14116E9D003A7486 /* Debug */,
				8C6D5FCB14116E9D003A7486 /* Release */,
			);
			defaultConfigurationIsVisible = 0;
		};
/* End XCConfigurationList section */
	};
	rootObject = 8C6D5F9414116E9D003A7486 /* Project object */;
}
